<Solution>
  <!-- The first thing anyone opening this should read. -->
  <File Path="README.md" />

  <!--
    Files that apply to the whole solution rather than to any one project. BannedSymbols
    and .editorconfig belong together: the first lists the APIs that are compile errors,
    the second is what raises them from a suggestion to an error. Anyone who hits RS0030
    needs to find both.
  -->
  <Folder Name="/Build/">
    <File Path="global.json" />
    <File Path="Directory.Build.props" />
    <File Path="BannedSymbols.txt" />
    <File Path=".editorconfig" />
  </Folder>

  <Folder Name="/src/">
    <Project Path="src/Bokmal.Api/Bokmal.Api.csproj" />
    <Project Path="src/Bokmal.Database/Bokmal.Database.csproj" />

    <!--
      The frontend, present so it can be browsed from Solution Explorer, but excluded from
      the solution build.

      It is not built by MSBuild because it is not built by MSBuild anywhere: `next build`
      is driven by npm, and wiring that into the solution would make `dotnet build` depend
      on Node being installed and node_modules being restored. The C# side has to keep
      building on a machine that has never run npm.

      The usual split applies anyway. The frontend is developed in VS Code and the backend
      in Visual Studio; this node is here to read and navigate, not to compile.
    -->
    <Project Path="src/Bokmal.Web/Bokmal.Web.esproj">
      <Build Solution="*|*" Project="false" />
    </Project>
  </Folder>
  <Folder Name="/tests/">
    <Project Path="tests/Bokmal.Tests/Bokmal.Tests.csproj" />
  </Folder>
</Solution>
